// !$*UTF8*$!
{
	archiveVersion = 1;
	classes = {
	};
	objectVersion = 46;
	objects = {

/* Begin PBXBuildFile section */
		227D40131ABE546C00353D70 /* open.001.jpg in Resources */ = {isa = PBXBuildFile; fileRef = 227D40121ABE546C00353D70 /* open.001.jpg */; };
		227D40291ABE800500353D70 /* intro_slashy-1.jpg in Resources */ = {isa = PBXBuildFile; fileRef = 227D40281ABE800500353D70 /* intro_slashy-1.jpg */; };
		227D402B1ABE802400353D70 /* intro_timmy-1.jpg in Resources */ = {isa = PBXBuildFile; fileRef = 227D402A1ABE802400353D70 /* intro_timmy-1.jpg */; };
		227D402D1ABE802D00353D70 /* intro_kody-1.jpg in Resources */ = {isa = PBXBuildFile; fileRef = 227D402C1ABE802D00353D70 /* intro_kody-1.jpg */; };
		227D402F1ABE803200353D70 /* intro_jumper-1.jpg in Resources */ = {isa = PBXBuildFile; fileRef = 227D402E1ABE803200353D70 /* intro_jumper-1.jpg */; };
		227D40311ABE803600353D70 /* intro_diggy-1.jpg in Resources */ = {isa = PBXBuildFile; fileRef = 227D40301ABE803600353D70 /* intro_diggy-1.jpg */; };
		22810A531ABE1125008D9D07 /* AppDelegate.swift in Sources */ = {isa = PBXBuildFile; fileRef = 22810A521ABE1125008D9D07 /* AppDelegate.swift */; };
		22810A551ABE1125008D9D07 /* GameScene.sks in Resources */ = {isa = PBXBuildFile; fileRef = 22810A541ABE1125008D9D07 /* GameScene.sks */; };
		22810A571ABE1125008D9D07 /* GameScene.swift in Sources */ = {isa = PBXBuildFile; fileRef = 22810A561ABE1125008D9D07 /* GameScene.swift */; };
		22810A591ABE1125008D9D07 /* GameViewController.swift in Sources */ = {isa = PBXBuildFile; fileRef = 22810A581ABE1125008D9D07 /* GameViewController.swift */; };
		22810A5C1ABE1125008D9D07 /* Main.storyboard in Resources */ = {isa = PBXBuildFile; fileRef = 22810A5A1ABE1125008D9D07 /* Main.storyboard */; };
		22810A5E1ABE1125008D9D07 /* Images.xcassets in Resources */ = {isa = PBXBuildFile; fileRef = 22810A5D1ABE1125008D9D07 /* Images.xcassets */; };
		22810A611ABE1125008D9D07 /* LaunchScreen.xib in Resources */ = {isa = PBXBuildFile; fileRef = 22810A5F1ABE1125008D9D07 /* LaunchScreen.xib */; };
		22810A6D1ABE1125008D9D07 /* Game_TimeTests.swift in Sources */ = {isa = PBXBuildFile; fileRef = 22810A6C1ABE1125008D9D07 /* Game_TimeTests.swift */; };
		22810A781ABE113B008D9D07 /* ViewController.swift in Sources */ = {isa = PBXBuildFile; fileRef = 22810A761ABE113B008D9D07 /* ViewController.swift */; };
		22810A791ABE113B008D9D07 /* InfoViewController.swift in Sources */ = {isa = PBXBuildFile; fileRef = 22810A771ABE113B008D9D07 /* InfoViewController.swift */; };
		22810A911ABE4842008D9D07 /* back_timmy.jpg in Resources */ = {isa = PBXBuildFile; fileRef = 22810A8E1ABE4842008D9D07 /* back_timmy.jpg */; };
		22810A921ABE4842008D9D07 /* info_bt.jpg in Resources */ = {isa = PBXBuildFile; fileRef = 22810A8F1ABE4842008D9D07 /* info_bt.jpg */; };
		22810A931ABE4842008D9D07 /* logo_bt.png in Resources */ = {isa = PBXBuildFile; fileRef = 22810A901ABE4842008D9D07 /* logo_bt.png */; };
/* End PBXBuildFile section */

/* Begin PBXContainerItemProxy section */
		22810A671ABE1125008D9D07 /* PBXContainerItemProxy */ = {
			isa = PBXContainerItemProxy;
			containerPortal = 22810A451ABE1125008D9D07 /* Project object */;
			proxyType = 1;
			remoteGlobalIDString = 22810A4C1ABE1125008D9D07;
			remoteInfo = "Game-Time";
		};
/* End PBXContainerItemProxy section */

/* Begin PBXFileReference section */
		227D40121ABE546C00353D70 /* open.001.jpg */ = {isa = PBXFileReference; lastKnownFileType = image.jpeg; path = open.001.jpg; sourceTree = "<group>"; };
		227D40281ABE800500353D70 /* intro_slashy-1.jpg */ = {isa = PBXFileReference; lastKnownFileType = image.jpeg; name = "intro_slashy-1.jpg"; path = "/var/folders/rq/zlg77vd91zd7886d54dp_15w0000gn/T/com.apple.iChat/Messages/Transfers/intro_slashy-1.jpg"; sourceTree = "<absolute>"; };
		227D402A1ABE802400353D70 /* intro_timmy-1.jpg */ = {isa = PBXFileReference; lastKnownFileType = image.jpeg; name = "intro_timmy-1.jpg"; path = "/var/folders/rq/zlg77vd91zd7886d54dp_15w0000gn/T/com.apple.iChat/Messages/Transfers/intro_timmy-1.jpg"; sourceTree = "<absolute>"; };
		227D402C1ABE802D00353D70 /* intro_kody-1.jpg */ = {isa = PBXFileReference; lastKnownFileType = image.jpeg; path = "intro_kody-1.jpg"; sourceTree = "<group>"; };
		227D402E1ABE803200353D70 /* intro_jumper-1.jpg */ = {isa = PBXFileReference; lastKnownFileType = image.jpeg; path = "intro_jumper-1.jpg"; sourceTree = "<group>"; };
		227D40301ABE803600353D70 /* intro_diggy-1.jpg */ = {isa = PBXFileReference; lastKnownFileType = image.jpeg; path = "intro_diggy-1.jpg"; sourceTree = "<group>"; };
		22810A4D1ABE1125008D9D07 /* Game-Time.app */ = {isa = PBXFileReference; explicitFileType = wrapper.application; includeInIndex = 0; path = "Game-Time.app"; sourceTree = BUILT_PRODUCTS_DIR; };
		22810A511ABE1125008D9D07 /* Info.plist */ = {isa = PBXFileReference; lastKnownFileType = text.plist.xml; path = Info.plist; sourceTree = "<group>"; };
		22810A521ABE1125008D9D07 /* AppDelegate.swift */ = {isa = PBXFileReference; lastKnownFileType = sourcecode.swift; path = AppDelegate.swift; sourceTree = "<group>"; };
		22810A541ABE1125008D9D07 /* GameScene.sks */ = {isa = PBXFileReference; lastKnownFileType = file.sks; path = GameScene.sks; sourceTree = "<group>"; };
		22810A561ABE1125008D9D07 /* GameScene.swift */ = {isa = PBXFileReference; lastKnownFileType = sourcecode.swift; path = GameScene.swift; sourceTree = "<group>"; };
		22810A581ABE1125008D9D07 /* GameViewController.swift */ = {isa = PBXFileReference; lastKnownFileType = sourcecode.swift; path = GameViewController.swift; sourceTree = "<group>"; };
		22810A5B1ABE1125008D9D07 /* Base */ = {isa = PBXFileReference; lastKnownFileType = file.storyboard; name = Base; path = Base.lproj/Main.storyboard; sourceTree = "<group>"; };
		22810A5D1ABE1125008D9D07 /* Images.xcassets */ = {isa = PBXFileReference; lastKnownFileType = folder.assetcatalog; path = Images.xcassets; sourceTree = "<group>"; };
		22810A601ABE1125008D9D07 /* Base */ = {isa = PBXFileReference; lastKnownFileType = file.xib; name = Base; path = Base.lproj/LaunchScreen.xib; sourceTree = "<group>"; };
		22810A661ABE1125008D9D07 /* Game-TimeTests.xctest */ = {isa = PBXFileReference; explicitFileType = wrapper.cfbundle; includeInIndex = 0; path = "Game-TimeTests.xctest"; sourceTree = BUILT_PRODUCTS_DIR; };
		22810A6B1ABE1125008D9D07 /* Info.plist */ = {isa = PBXFileReference; lastKnownFileType = text.plist.xml; path = Info.plist; sourceTree = "<group>"; };
		22810A6C1ABE1125008D9D07 /* Game_TimeTests.swift */ = {isa = PBXFileReference; lastKnownFileType = sourcecode.swift; path = Game_TimeTests.swift; sourceTree = "<group>"; };
		22810A761ABE113B008D9D07 /* ViewController.swift */ = {isa = PBXFileReference; fileEncoding = 4; lastKnownFileType = sourcecode.swift; path = ViewController.swift; sourceTree = "<group>"; };
		22810A771ABE113B008D9D07 /* InfoViewController.swift */ = {isa = PBXFileReference; fileEncoding = 4; lastKnownFileType = sourcecode.swift; path = InfoViewController.swift; sourceTree = "<group>"; };
		22810A8E1ABE4842008D9D07 /* back_timmy.jpg */ = {isa = PBXFileReference; lastKnownFileType = image.jpeg; path = back_timmy.jpg; sourceTree = "<group>"; };
		22810A8F1ABE4842008D9D07 /* info_bt.jpg */ = {isa = PBXFileReference; lastKnownFileType = image.jpeg; path = info_bt.jpg; sourceTree = "<group>"; };
		22810A901ABE4842008D9D07 /* logo_bt.png */ = {isa = PBXFileReference; lastKnownFileType = image.png; path = logo_bt.png; sourceTree = "<group>"; };
/* End PBXFileReference section */

/* Begin PBXFrameworksBuildPhase section */
		22810A4A1ABE1125008D9D07 /* Frameworks */ = {
			isa = PBXFrameworksBuildPhase;
			buildActionMask = 2147483647;
			files = (
			);
			runOnlyForDeploymentPostprocessing = 0;
		};
		22810A631ABE1125008D9D07 /* Frameworks */ = {
			isa = PBXFrameworksBuildPhase;
			buildActionMask = 2147483647;
			files = (
			);
			runOnlyForDeploymentPostprocessing = 0;
		};
/* End PBXFrameworksBuildPhase section */

/* Begin PBXGroup section */
		22810A441ABE1125008D9D07 = {
			isa = PBXGroup;
			children = (
				22810A4F1ABE1125008D9D07 /* Game-Time */,
				22810A691ABE1125008D9D07 /* Game-TimeTests */,
				22810A4E1ABE1125008D9D07 /* Products */,
				22810A7E1ABE11A4008D9D07 /* Changuito */,
			);
			sourceTree = "<group>";
		};
		22810A4E1ABE1125008D9D07 /* Products */ = {
			isa = PBXGroup;
			children = (
				22810A4D1ABE1125008D9D07 /* Game-Time.app */,
				22810A661ABE1125008D9D07 /* Game-TimeTests.xctest */,
			);
			name = Products;
			sourceTree = "<group>";
		};
		22810A4F1ABE1125008D9D07 /* Game-Time */ = {
			isa = PBXGroup;
			children = (
				22810A521ABE1125008D9D07 /* AppDelegate.swift */,
				22810A541ABE1125008D9D07 /* GameScene.sks */,
				22810A561ABE1125008D9D07 /* GameScene.swift */,
				22810A581ABE1125008D9D07 /* GameViewController.swift */,
				22810A761ABE113B008D9D07 /* ViewController.swift */,
				22810A771ABE113B008D9D07 /* InfoViewController.swift */,
				22810A5A1ABE1125008D9D07 /* Main.storyboard */,
				22810A5D1ABE1125008D9D07 /* Images.xcassets */,
				22810A5F1ABE1125008D9D07 /* LaunchScreen.xib */,
				22810A501ABE1125008D9D07 /* Supporting Files */,
			);
			path = "Game-Time";
			sourceTree = "<group>";
		};
		22810A501ABE1125008D9D07 /* Supporting Files */ = {
			isa = PBXGroup;
			children = (
				22810A511ABE1125008D9D07 /* Info.plist */,
			);
			name = "Supporting Files";
			sourceTree = "<group>";
		};
		22810A691ABE1125008D9D07 /* Game-TimeTests */ = {
			isa = PBXGroup;
			children = (
				22810A6C1ABE1125008D9D07 /* Game_TimeTests.swift */,
				22810A6A1ABE1125008D9D07 /* Supporting Files */,
			);
			path = "Game-TimeTests";
			sourceTree = "<group>";
		};
		22810A6A1ABE1125008D9D07 /* Supporting Files */ = {
			isa = PBXGroup;
			children = (
				22810A6B1ABE1125008D9D07 /* Info.plist */,
			);
			name = "Supporting Files";
			sourceTree = "<group>";
		};
		22810A7E1ABE11A4008D9D07 /* Changuito */ = {
			isa = PBXGroup;
			children = (
				227D40121ABE546C00353D70 /* open.001.jpg */,
				22810A8E1ABE4842008D9D07 /* back_timmy.jpg */,
				22810A8F1ABE4842008D9D07 /* info_bt.jpg */,
				22810A901ABE4842008D9D07 /* logo_bt.png */,
				227D40281ABE800500353D70 /* intro_slashy-1.jpg */,
				227D402A1ABE802400353D70 /* intro_timmy-1.jpg */,
				227D402C1ABE802D00353D70 /* intro_kody-1.jpg */,
				227D402E1ABE803200353D70 /* intro_jumper-1.jpg */,
				227D40301ABE803600353D70 /* intro_diggy-1.jpg */,
				22810A801ABE11A4008D9D07 /* Mono */,
			);
			path = Changuito;
			sourceTree = "<group>";
		};
		22810A801ABE11A4008D9D07 /* Mono */ = {
			isa = PBXGroup;
			children = (
			);
			path = Mono;
			sourceTree = "<group>";
		};
/* End PBXGroup section */

/* Begin PBXNativeTarget section */
		22810A4C1ABE1125008D9D07 /* Game-Time */ = {
			isa = PBXNativeTarget;
			buildConfigurationList = 22810A701ABE1125008D9D07 /* Build configuration list for PBXNativeTarget "Game-Time" */;
			buildPhases = (
				22810A491ABE1125008D9D07 /* Sources */,
				22810A4A1ABE1125008D9D07 /* Frameworks */,
				22810A4B1ABE1125008D9D07 /* Resources */,
			);
			buildRules = (
			);
			dependencies = (
			);
			name = "Game-Time";
			productName = "Game-Time";
			productReference = 22810A4D1ABE1125008D9D07 /* Game-Time.app */;
			productType = "com.apple.product-type.application";
		};
		22810A651ABE1125008D9D07 /* Game-TimeTests */ = {
			isa = PBXNativeTarget;
			buildConfigurationList = 22810A731ABE1125008D9D07 /* Build configuration list for PBXNativeTarget "Game-TimeTests" */;
			buildPhases = (
				22810A621ABE1125008D9D07 /* Sources */,
				22810A631ABE1125008D9D07 /* Frameworks */,
				22810A641ABE1125008D9D07 /* Resources */,
			);
			buildRules = (
			);
			dependencies = (
				22810A681ABE1125008D9D07 /* PBXTargetDependency */,
			);
			name = "Game-TimeTests";
			productName = "Game-TimeTests";
			productReference = 22810A661ABE1125008D9D07 /* Game-TimeTests.xctest */;
			productType = "com.apple.product-type.bundle.unit-test";
		};
/* End PBXNativeTarget section */

/* Begin PBXProject section */
		22810A451ABE1125008D9D07 /* Project object */ = {
			isa = PBXProject;
			attributes = {
				LastUpgradeCheck = 0620;
				ORGANIZATIONNAME = TimeTeam;
				TargetAttributes = {
					22810A4C1ABE1125008D9D07 = {
						CreatedOnToolsVersion = 6.2;
					};
					22810A651ABE1125008D9D07 = {
						CreatedOnToolsVersion = 6.2;
						TestTargetID = 22810A4C1ABE1125008D9D07;
					};
				};
			};
			buildConfigurationList = 22810A481ABE1125008D9D07 /* Build configuration list for PBXProject "Game-Time" */;
			compatibilityVersion = "Xcode 3.2";
			developmentRegion = English;
			hasScannedForEncodings = 0;
			knownRegions = (
				en,
				Base,
			);
			mainGroup = 22810A441ABE1125008D9D07;
			productRefGroup = 22810A4E1ABE1125008D9D07 /* Products */;
			projectDirPath = "";
			projectRoot = "";
			targets = (
				22810A4C1ABE1125008D9D07 /* Game-Time */,
				22810A651ABE1125008D9D07 /* Game-TimeTests */,
			);
		};
/* End PBXProject section */

/* Begin PBXResourcesBuildPhase section */
		22810A4B1ABE1125008D9D07 /* Resources */ = {
			isa = PBXResourcesBuildPhase;
			buildActionMask = 2147483647;
			files = (
				227D40311ABE803600353D70 /* intro_diggy-1.jpg in Resources */,
				227D402D1ABE802D00353D70 /* intro_kody-1.jpg in Resources */,
				22810A611ABE1125008D9D07 /* LaunchScreen.xib in Resources */,
				22810A911ABE4842008D9D07 /* back_timmy.jpg in Resources */,
				227D40291ABE800500353D70 /* intro_slashy-1.jpg in Resources */,
				22810A5E1ABE1125008D9D07 /* Images.xcassets in Resources */,
				22810A551ABE1125008D9D07 /* GameScene.sks in Resources */,
				227D40131ABE546C00353D70 /* open.001.jpg in Resources */,
				22810A931ABE4842008D9D07 /* logo_bt.png in Resources */,
				227D402B1ABE802400353D70 /* intro_timmy-1.jpg in Resources */,
				227D402F1ABE803200353D70 /* intro_jumper-1.jpg in Resources */,
				22810A5C1ABE1125008D9D07 /* Main.storyboard in Resources */,
				22810A921ABE4842008D9D07 /* info_bt.jpg in Resources */,
			);
			runOnlyForDeploymentPostprocessing = 0;
		};
		22810A641ABE1125008D9D07 /* Resources */ = {
			isa = PBXResourcesBuildPhase;
			buildActionMask = 2147483647;
			files = (
			);
			runOnlyForDeploymentPostprocessing = 0;
		};
/* End PBXResourcesBuildPhase section */

/* Begin PBXSourcesBuildPhase section */
		22810A491ABE1125008D9D07 /* Sources */ = {
			isa = PBXSourcesBuildPhase;
			buildActionMask = 2147483647;
			files = (
				22810A571ABE1125008D9D07 /* GameScene.swift in Sources */,
				22810A591ABE1125008D9D07 /* GameViewController.swift in Sources */,
				22810A781ABE113B008D9D07 /* ViewController.swift in Sources */,
				22810A531ABE1125008D9D07 /* AppDelegate.swift in Sources */,
				22810A791ABE113B008D9D07 /* InfoViewController.swift in Sources */,
			);
			runOnlyForDeploymentPostprocessing = 0;
		};
		22810A621ABE1125008D9D07 /* Sources */ = {
			isa = PBXSourcesBuildPhase;
			buildActionMask = 2147483647;
			files = (
				22810A6D1ABE1125008D9D07 /* Game_TimeTests.swift in Sources */,
			);
			runOnlyForDeploymentPostprocessing = 0;
		};
/* End PBXSourcesBuildPhase section */

/* Begin PBXTargetDependency section */
		22810A681ABE1125008D9D07 /* PBXTargetDependency */ = {
			isa = PBXTargetDependency;
			target = 22810A4C1ABE1125008D9D07 /* Game-Time */;
			targetProxy = 22810A671ABE1125008D9D07 /* PBXContainerItemProxy */;
		};
/* End PBXTargetDependency section */

/* Begin PBXVariantGroup section */
		22810A5A1ABE1125008D9D07 /* Main.storyboard */ = {
			isa = PBXVariantGroup;
			children = (
				22810A5B1ABE1125008D9D07 /* Base */,
			);
			name = Main.storyboard;
			sourceTree = "<group>";
		};
		22810A5F1ABE1125008D9D07 /* LaunchScreen.xib */ = {
			isa = PBXVariantGroup;
			children = (
				22810A601ABE1125008D9D07 /* Base */,
			);
			name = LaunchScreen.xib;
			sourceTree = "<group>";
		};
/* End PBXVariantGroup section */

/* Begin XCBuildConfiguration section */
		22810A6E1ABE1125008D9D07 /* Debug */ = {
			isa = XCBuildConfiguration;
			buildSettings = {
				ALWAYS_SEARCH_USER_PATHS = NO;
				CLANG_CXX_LANGUAGE_STANDARD = "gnu++0x";
				CLANG_CXX_LIBRARY = "libc++";
				CLANG_ENABLE_MODULES = YES;
				CLANG_ENABLE_OBJC_ARC = YES;
				CLANG_WARN_BOOL_CONVERSION = YES;
				CLANG_WARN_CONSTANT_CONVERSION = YES;
				CLANG_WARN_DIRECT_OBJC_ISA_USAGE = YES_ERROR;
				CLANG_WARN_EMPTY_BODY = YES;
				CLANG_WARN_ENUM_CONVERSION = YES;
				CLANG_WARN_INT_CONVERSION = YES;
				CLANG_WARN_OBJC_ROOT_CLASS = YES_ERROR;
				CLANG_WARN_UNREACHABLE_CODE = YES;
				CLANG_WARN__DUPLICATE_METHOD_MATCH = YES;
				"CODE_SIGN_IDENTITY[sdk=iphoneos*]" = "iPhone Developer";
				COPY_PHASE_STRIP = NO;
				ENABLE_STRICT_OBJC_MSGSEND = YES;
				GCC_C_LANGUAGE_STANDARD = gnu99;
				GCC_DYNAMIC_NO_PIC = NO;
				GCC_OPTIMIZATION_LEVEL = 0;
				GCC_PREPROCESSOR_DEFINITIONS = (
					"DEBUG=1",
					"$(inherited)",
				);
				GCC_SYMBOLS_PRIVATE_EXTERN = NO;
				GCC_WARN_64_TO_32_BIT_CONVERSION = YES;
				GCC_WARN_ABOUT_RETURN_TYPE = YES_ERROR;
				GCC_WARN_UNDECLARED_SELECTOR = YES;
				GCC_WARN_UNINITIALIZED_AUTOS = YES_AGGRESSIVE;
				GCC_WARN_UNUSED_FUNCTION = YES;
				GCC_WARN_UNUSED_VARIABLE = YES;
				IPHONEOS_DEPLOYMENT_TARGET = 8.2;
				MTL_ENABLE_DEBUG_INFO = YES;
				ONLY_ACTIVE_ARCH = YES;
				SDKROOT = iphoneos;
				SWIFT_OPTIMIZATION_LEVEL = "-Onone";
			};
			name = Debug;
		};
		22810A6F1ABE1125008D9D07 /* Release */ = {
			isa = XCBuildConfiguration;
			buildSettings = {
				ALWAYS_SEARCH_USER_PATHS = NO;
				CLANG_CXX_LANGUAGE_STANDARD = "gnu++0x";
				CLANG_CXX_LIBRARY = "libc++";
				CLANG_ENABLE_MODULES = YES;
				CLANG_ENABLE_OBJC_ARC = YES;
				CLANG_WARN_BOOL_CONVERSION = YES;
				CLANG_WARN_CONSTANT_CONVERSION = YES;
				CLANG_WARN_DIRECT_OBJC_ISA_USAGE = YES_ERROR;
				CLANG_WARN_EMPTY_BODY = YES;
				CLANG_WARN_ENUM_CONVERSION = YES;
				CLANG_WARN_INT_CONVERSION = YES;
				CLANG_WARN_OBJC_ROOT_CLASS = YES_ERROR;
				CLANG_WARN_UNREACHABLE_CODE = YES;
				CLANG_WARN__DUPLICATE_METHOD_MATCH = YES;
				"CODE_SIGN_IDENTITY[sdk=iphoneos*]" = "iPhone Developer";
				COPY_PHASE_STRIP = NO;
				ENABLE_NS_ASSERTIONS = NO;
				ENABLE_STRICT_OBJC_MSGSEND = YES;
				GCC_C_LANGUAGE_STANDARD = gnu99;
				GCC_WARN_64_TO_32_BIT_CONVERSION = YES;
				GCC_WARN_ABOUT_RETURN_TYPE = YES_ERROR;
				GCC_WARN_UNDECLARED_SELECTOR = YES;
				GCC_WARN_UNINITIALIZED_AUTOS = YES_AGGRESSIVE;
				GCC_WARN_UNUSED_FUNCTION = YES;
				GCC_WARN_UNUSED_VARIABLE = YES;
				IPHONEOS_DEPLOYMENT_TARGET = 8.2;
				MTL_ENABLE_DEBUG_INFO = NO;
				SDKROOT = iphoneos;
				VALIDATE_PRODUCT = YES;
			};
			name = Release;
		};
		22810A711ABE1125008D9D07 /* Debug */ = {
			isa = XCBuildConfiguration;
			buildSettings = {
				ASSETCATALOG_COMPILER_APPICON_NAME = AppIcon;
				INFOPLIST_FILE = "Game-Time/Info.plist";
				LD_RUNPATH_SEARCH_PATHS = "$(inherited) @executable_path/Frameworks";
				PRODUCT_NAME = "$(TARGET_NAME)";
			};
			name = Debug;
		};
		22810A721ABE1125008D9D07 /* Release */ = {
			isa = XCBuildConfiguration;
			buildSettings = {
				ASSETCATALOG_COMPILER_APPICON_NAME = AppIcon;
				INFOPLIST_FILE = "Game-Time/Info.plist";
				LD_RUNPATH_SEARCH_PATHS = "$(inherited) @executable_path/Frameworks";
				PRODUCT_NAME = "$(TARGET_NAME)";
			};
			name = Release;
		};
		22810A741ABE1125008D9D07 /* Debug */ = {
			isa = XCBuildConfiguration;
			buildSettings = {
				BUNDLE_LOADER = "$(TEST_HOST)";
				FRAMEWORK_SEARCH_PATHS = (
					"$(SDKROOT)/Developer/Library/Frameworks",
					"$(inherited)",
				);
				GCC_PREPROCESSOR_DEFINITIONS = (
					"DEBUG=1",
					"$(inherited)",
				);
				INFOPLIST_FILE = "Game-TimeTests/Info.plist";
				LD_RUNPATH_SEARCH_PATHS = "$(inherited) @executable_path/Frameworks @loader_path/Frameworks";
				PRODUCT_NAME = "$(TARGET_NAME)";
				TEST_HOST = "$(BUILT_PRODUCTS_DIR)/Game-Time.app/Game-Time";
			};
			name = Debug;
		};
		22810A751ABE1125008D9D07 /* Release */ = {
			isa = XCBuildConfiguration;
			buildSettings = {
				BUNDLE_LOADER = "$(TEST_HOST)";
				FRAMEWORK_SEARCH_PATHS = (
					"$(SDKROOT)/Developer/Library/Frameworks",
					"$(inherited)",
				);
				INFOPLIST_FILE = "Game-TimeTests/Info.plist";
				LD_RUNPATH_SEARCH_PATHS = "$(inherited) @executable_path/Frameworks @loader_path/Frameworks";
				PRODUCT_NAME = "$(TARGET_NAME)";
				TEST_HOST = "$(BUILT_PRODUCTS_DIR)/Game-Time.app/Game-Time";
			};
			name = Release;
		};
/* End XCBuildConfiguration section */

/* Begin XCConfigurationList section */
		22810A481ABE1125008D9D07 /* Build configuration list for PBXProject "Game-Time" */ = {
			isa = XCConfigurationList;
			buildConfigurations = (
				22810A6E1ABE1125008D9D07 /* Debug */,
				22810A6F1ABE1125008D9D07 /* Release */,
			);
			defaultConfigurationIsVisible = 0;
			defaultConfigurationName = Release;
		};
		22810A701ABE1125008D9D07 /* Build configuration list for PBXNativeTarget "Game-Time" */ = {
			isa = XCConfigurationList;
			buildConfigurations = (
				22810A711ABE1125008D9D07 /* Debug */,
				22810A721ABE1125008D9D07 /* Release */,
			);
			defaultConfigurationIsVisible = 0;
			defaultConfigurationName = Release;
		};
		22810A731ABE1125008D9D07 /* Build configuration list for PBXNativeTarget "Game-TimeTests" */ = {
			isa = XCConfigurationList;
			buildConfigurations = (
				22810A741ABE1125008D9D07 /* Debug */,
				22810A751ABE1125008D9D07 /* Release */,
			);
			defaultConfigurationIsVisible = 0;
			defaultConfigurationName = Release;
		};
/* End XCConfigurationList section */
	};
	rootObject = 22810A451ABE1125008D9D07 /* Project object */;
}
